
Microsoft Visual Studio Solution File, Format Version 12.00
# Visual Studio Version 17
VisualStudioVersion = 17.14.36429.23 d17.14
MinimumVisualStudioVersion = 10.0.40219.1
Project("{8BC9CEB8-8B4A-11D0-8D11-00A0C91BC942}") = "repasmp_exAV4", "repasmp_exAV4\repasmp_exAV4.vcxproj", "{0C5E4114-6B38-49F5-9592-783CCD48B922}"
EndProject
Global
	GlobalSection(SolutionConfigurationPlatforms) = preSolution
		Debug|x64 = Debug|x64
		Debug|x86 = Debug|x86
		Release|x64 = Release|x64
		Release|x86 = Release|x86
	EndGlobalSection
	GlobalSection(ProjectConfigurationPlatforms) = postSolution
		{0C5E4114-6B38-49F5-9592-783CCD48B922}.Debug|x64.ActiveCfg = Debug|x64
		{0C5E4114-6B38-49F5-9592-783CCD48B922}.Debug|x64.Build.0 = Debug|x64
		{0C5E4114-6B38-49F5-9592-783CCD48B922}.Debug|x86.ActiveCfg = Debug|Win32
		{0C5E4114-6B38-49F5-9592-783CCD48B922}.Debug|x86.Build.0 = Debug|Win32
		{0C5E4114-6B38-49F5-9592-783CCD48B922}.Release|x64.ActiveCfg = Release|x64
		{0C5E4114-6B38-49F5-9592-783CCD48B922}.Release|x64.Build.0 = Release|x64
		{0C5E4114-6B38-49F5-9592-783CCD48B922}.Release|x86.ActiveCfg = Release|Win32
		{0C5E4114-6B38-49F5-9592-783CCD48B922}.Release|x86.Build.0 = Release|Win32
	EndGlobalSection
	GlobalSection(SolutionProperties) = preSolution
		HideSolutionNode = FALSE
	EndGlobalSection
	GlobalSection(ExtensibilityGlobals) = postSolution
		SolutionGuid = {156BA96D-91D4-4C85-91E2-15BADF7C2209}
	EndGlobalSection
EndGlobal
